FORGE
  remote: http://forge.puppetlabs.com
  specs:
    maestrodev/wget (1.0.0)
    puppetlabs/gcc (0.0.3)
    puppetlabs/stdlib (3.2.0)
    ripienaar/concat (0.2.0)
    thomasvandoren/redis (0.0.9)
      maestrodev/wget (>= 0.0.0)
      puppetlabs/gcc (>= 0.0.0)

GIT
  remote: git://github.com/alphagov/puppet-cpanm.git
  ref: 4e3dfca
  sha: 4e3dfca9b5ca25da71a78412305710e665475698
  specs:
    cpanm (0.0.1)

GIT
  remote: git://github.com/alphagov/puppet-module-ufw.git
  ref: dc7ddc2
  sha: dc7ddc2d976baf7a50a78d3f02b45a175e86cb41
  specs:
    ufw (1.0.2)
      puppetlabs/stdlib (>= 2.2.1)

GIT
  remote: git://github.com/alphagov/puppet-rsyslog.git
  ref: 691c6f4
  sha: 691c6f4fe4c20455ffdb7d13f709d0e9cd35855a
  specs:
    rsyslog (1.1.4)

DEPENDENCIES
  cpanm (>= 0)
  puppetlabs/gcc (>= 0)
  puppetlabs/stdlib (>= 0)
  ripienaar/concat (>= 0)
  rsyslog (>= 0)
  thomasvandoren/redis (>= 0)
  ufw (>= 0)

