FORGE
  remote: https://forgeapi.puppetlabs.com
  specs:
    adrien-alternatives (0.2.0)
    attachmentgenie-ufw (1.0.3)
      puppetlabs-stdlib (>= 2.2.1)
    benjamin-ramdisk (0.0.1)
    camptocamp-augeas (1.1.0)
      puppetlabs-stdlib (< 5.0.0, >= 3.2.0)
    darin-zypprepo (1.0.1)
    elasticsearch-elasticsearch (0.4.0)
      puppetlabs-stdlib (>= 3.2.0)
    fsalum-redis (1.0.0)
      thias-sysctl (>= 0.3.0)
    gdsoperations-aptly (0.6.0)
      puppetlabs-apt (< 3.0.0, >= 2.0.0)
      puppetlabs-stdlib (< 5.0.0, >= 3.0.0)
    gdsoperations-auditd (0.2.0)
      puppetlabs-concat (>= 1.0.0)
      puppetlabs-stdlib (>= 3.0.0)
    gdsoperations-goenv (0.0.4)
    gdsoperations-graphite (2.0.5)
      puppetlabs-stdlib (>= 2.5.0)
      stankevich-python (>= 1.7.0)
    gdsoperations-openconnect (1.2.0)
      puppetlabs-stdlib (< 5.0.0, >= 3.0.0)
    gdsoperations-rbenv (1.2.0)
    gdsoperations-resolvconf (0.2.0)
      puppetlabs-stdlib (>= 3.0.0)
    gdsoperations-unattended_reboot (0.1.0)
      puppetlabs-stdlib (>= 1.0.0)
    maestrodev-wget (1.5.0)
    nanliu-staging (1.0.3)
    puppet-unattended_upgrades (2.1.0)
      puppetlabs-apt (< 3.0.0, >= 2.2.0)
      puppetlabs-stdlib (< 5.0.0, >= 4.6.0)
    puppetlabs-apt (2.3.0)
      puppetlabs-stdlib (< 5.0.0, >= 4.5.0)
    puppetlabs-concat (1.2.5)
      puppetlabs-stdlib (< 5.0.0, >= 3.2.0)
    puppetlabs-firewall (1.0.2)
    puppetlabs-gcc (0.1.0)
    puppetlabs-java (1.1.2)
      puppetlabs-stdlib (>= 2.4.0)
    puppetlabs-java_ks (1.2.5)
    puppetlabs-mysql (2.2.3)
      puppetlabs-stdlib (>= 3.2.0)
    puppetlabs-postgresql (4.8.0)
      puppetlabs-apt (< 3.0.0, >= 1.8.0)
      puppetlabs-concat (< 3.0.0, >= 1.1.0)
      puppetlabs-stdlib (~> 4.0)
    puppetlabs-rabbitmq (5.3.1)
      nanliu-staging (< 2.0.0, >= 0.3.1)
      puppetlabs-apt (< 3.0.0, >= 1.8.0)
      puppetlabs-stdlib (< 5.0.0, >= 3.0.0)
    puppetlabs-stdlib (4.12.0)
    rtyler-jenkins (1.2.0)
      darin-zypprepo (>= 1.0.1)
      puppetlabs-apt (>= 0.0.3)
      puppetlabs-java (>= 1.0.1)
      puppetlabs-stdlib (>= 2.0.0)
    saz-limits (2.3.0)
    saz-memcached (2.7.1)
      puppetlabs-firewall (>= 0.1.0)
      puppetlabs-stdlib (>= 3.2.0)
    saz-ntp (2.2.0)
    saz-rsyslog (3.2.0)
    saz-sudo (3.0.1)
      puppetlabs-stdlib (>= 2.3.0)
    saz-timezone (3.0.1)
      puppetlabs-stdlib (>= 2.3.0)
    stahnma-epel (1.1.1)
    stankevich-python (1.9.8)
      puppetlabs-stdlib (< 6.0.0, >= 4.6.0)
      stahnma-epel (< 2.0.0, >= 1.0.1)
    thias-sysctl (0.3.2)

GIT
  remote: git://github.com/alphagov/puppet-apparmor.git
  ref: master
  sha: fd0106ccd688a8af4b62e57d420a26e80b484731
  specs:
    alphagov-apparmor (0.0.1)

GIT
  remote: git://github.com/alphagov/puppet-curl.git
  ref: 4f657d5cbbb617dd6b1c6a9a371b1f3d667b3922
  sha: 4f657d5cbbb617dd6b1c6a9a371b1f3d667b3922
  specs:
    alphagov-curl (0.0.1)

GIT
  remote: git://github.com/alphagov/puppet-duplicity.git
  ref: 99d165aa2a7949e7dee15184cfd4570fe72e965c
  sha: 99d165aa2a7949e7dee15184cfd4570fe72e965c
  specs:
    alphagov-duplicity (0.0.1)

GIT
  remote: git://github.com/alphagov/puppet-ext4mount.git
  ref: master
  sha: d97f99cc2801b83152b905d1285fa34e689cb499
  specs:
    puppet-ext4mount (0.0.1)

GIT
  remote: git://github.com/alphagov/puppet-gor.git
  ref: v0.3.1
  sha: aae0025f52e2bfacc69ac323004d72834c748125
  specs:
    gdsoperations-gor (0.3.1)
      puppetlabs-stdlib (>= 3.0.0)

GIT
  remote: git://github.com/alphagov/puppet-harden.git
  ref: v0.2.0
  sha: 3de298ff60dbcf6ad896d918ca2c6f7a4fd732b8
  specs:
    alphagov-harden (0.0.1)

GIT
  remote: git://github.com/alphagov/puppet-rcs.git
  ref: master
  sha: 6391e388dee071487ee58090495613fbcc579d80
  specs:
    alphagov-puppet-rcs (0.1.1)
      puppetlabs-stdlib (>= 4.0.0)

GIT
  remote: git://github.com/alphagov/puppet-tune_ext.git
  ref: master
  sha: a500c9a6263712388ea4b052e0cc93d9c11d7644
  specs:
    alphagov-tune_ext (0.0.1)

GIT
  remote: git://github.com/alphagov/puppetlabs-lvm.git
  ref: master
  sha: 2082a276093c96e67a676f0c6076c0841f918a17
  specs:
    puppetlabs-lvm (0.1.2)

GIT
  remote: git://github.com/electrical/puppet-logstash.git
  ref: 694fa1a
  sha: 694fa1afc87e0151ae0a5121c0241cf0b3a1bbbf
  specs:
    elasticsearch-logstash (0.0.4)
      puppetlabs-stdlib (>= 3.0.0)

GIT
  remote: git://github.com/goldyfruit/puppet-grub2.git
  ref: a55113eeb2cfe8ff92307eddd10c4f8b3a78bb73
  sha: a55113eeb2cfe8ff92307eddd10c4f8b3a78bb73
  specs:
    goldyfruit-grub2 (0.0.6)
      puppetlabs-stdlib (< 5.0.0, >= 4.6.0)

GIT
  remote: git://github.com/nextrevision/puppet-automysqlbackup.git
  ref: master
  sha: f7083566f6b76674f50a986cae96568a1b44283b
  specs:
    nextrevision-automysqlbackup (0.2.4)
      puppetlabs-stdlib (>= 3.0.0)

GIT
  remote: git://github.com/solarkennedy/puppet-etcd.git
  ref: e053368
  sha: e0533682739be582a11c12f68d5415b6326d131d
  specs:
    KyleAnderson-etcd (0.4.2)
      puppetlabs-stdlib (>= 3.2.0)

DEPENDENCIES
  KyleAnderson-etcd (>= 0)
  adrien-alternatives (>= 0)
  alphagov-apparmor (>= 0)
  alphagov-curl (>= 0)
  alphagov-duplicity (>= 0)
  alphagov-harden (>= 0)
  alphagov-puppet-rcs (>= 0)
  alphagov-tune_ext (>= 0)
  attachmentgenie-ufw (= 1.0.3)
  benjamin-ramdisk (= 0.0.1)
  camptocamp-augeas (= 1.1.0)
  elasticsearch-elasticsearch (>= 0)
  elasticsearch-logstash (>= 0)
  fsalum-redis (>= 0)
  gdsoperations-aptly (= 0.6.0)
  gdsoperations-auditd (= 0.2.0)
  gdsoperations-goenv (= 0.0.4)
  gdsoperations-gor (>= 0)
  gdsoperations-graphite (~> 2.0.5)
  gdsoperations-openconnect (~> 1.2.0)
  gdsoperations-rbenv (= 1.2.0)
  gdsoperations-resolvconf (= 0.2.0)
  gdsoperations-unattended_reboot (>= 0)
  goldyfruit-grub2 (>= 0)
  maestrodev-wget (>= 1.1.0)
  nextrevision-automysqlbackup (>= 0)
  puppet-ext4mount (>= 0)
  puppet-unattended_upgrades (>= 2.1.0)
  puppetlabs-apt (= 2.3.0)
  puppetlabs-concat (>= 0)
  puppetlabs-gcc (>= 0)
  puppetlabs-java_ks (>= 0)
  puppetlabs-lvm (>= 0)
  puppetlabs-mysql (>= 0)
  puppetlabs-postgresql (= 4.8.0)
  puppetlabs-rabbitmq (= 5.3.1)
  puppetlabs-stdlib (= 4.12.0)
  rtyler-jenkins (>= 0)
  saz-limits (= 2.3.0)
  saz-memcached (>= 0)
  saz-ntp (>= 0)
  saz-rsyslog (= 3.2.0)
  saz-sudo (= 3.0.1)
  saz-timezone (>= 0)
  stankevich-python (= 1.9.8)

